
Microsoft Visual Studio Solution File, Format Version 12.00
# Visual Studio 2012
Project("{FAE04EC0-301F-11D3-BF4B-00C04F79EFBC}") = "Spirit", "Spirit\Spirit.csproj", "{46F71018-F883-4DB3-ACB9-010EC8021BFE}"
EndProject
Global
	GlobalSection(SolutionConfigurationPlatforms) = preSolution
		Debug|Any CPU = Debug|Any CPU
		Release|Any CPU = Release|Any CPU
	EndGlobalSection
	GlobalSection(ProjectConfigurationPlatforms) = postSolution
		{46F71018-F883-4DB3-ACB9-010EC8021BFE}.Debug|Any CPU.ActiveCfg = Debug|Any CPU
		{46F71018-F883-4DB3-ACB9-010EC8021BFE}.Debug|Any CPU.Build.0 = Debug|Any CPU
		{46F71018-F883-4DB3-ACB9-010EC8021BFE}.Release|Any CPU.ActiveCfg = Release|Any CPU
		{46F71018-F883-4DB3-ACB9-010EC8021BFE}.Release|Any CPU.Build.0 = Release|Any CPU
	EndGlobalSection
	GlobalSection(MonoDevelopProperties) = preSolution
		StartupItem = Spirit\Spirit.csproj
	EndGlobalSection
EndGlobal
